
Microsoft Visual Studio Solution File, Format Version 12.00
# Visual Studio Version 17
VisualStudioVersion = 17.0.31919.166
MinimumVisualStudioVersion = 10.0.40219.1
Project("{FAE04EC0-301F-11D3-BF4B-00C04F79EFBC}") = "RevitAPITrainingChangeWall", "RevitAPITrainingChangeWall.csproj", "{95102705-CF4D-4A43-A6E2-2752B3B73F3E}"
EndProject
Global
	GlobalSection(SolutionConfigurationPlatforms) = preSolution
		Debug|Any CPU = Debug|Any CPU
		Release|Any CPU = Release|Any CPU
	EndGlobalSection
	GlobalSection(ProjectConfigurationPlatforms) = postSolution
		{95102705-CF4D-4A43-A6E2-2752B3B73F3E}.Debug|Any CPU.ActiveCfg = Debug|Any CPU
		{95102705-CF4D-4A43-A6E2-2752B3B73F3E}.Debug|Any CPU.Build.0 = Debug|Any CPU
		{95102705-CF4D-4A43-A6E2-2752B3B73F3E}.Release|Any CPU.ActiveCfg = Release|Any CPU
		{95102705-CF4D-4A43-A6E2-2752B3B73F3E}.Release|Any CPU.Build.0 = Release|Any CPU
	EndGlobalSection
	GlobalSection(SolutionProperties) = preSolution
		HideSolutionNode = FALSE
	EndGlobalSection
	GlobalSection(ExtensibilityGlobals) = postSolution
		SolutionGuid = {3EDDF72E-3718-46A2-9046-33801F9BECFB}
	EndGlobalSection
EndGlobal
